
Microsoft Visual Studio Solution File, Format Version 12.00
# Visual Studio Version 17
VisualStudioVersion = 17.7.34024.191
MinimumVisualStudioVersion = 10.0.40219.1
Project("{FAE04EC0-301F-11D3-BF4B-00C04F79EFBC}") = "Management.API", "Management.API\Management.API.csproj", "{7F2ED05D-298A-4AED-856A-60EEA0FB7677}"
EndProject
Project("{2150E333-8FDC-42A3-9474-1A3956D46DE8}") = "UI", "UI", "{E47D7D4E-4227-4A47-A8FC-B3D34F6A4B28}"
EndProject
Project("{2150E333-8FDC-42A3-9474-1A3956D46DE8}") = "Core", "Core", "{D14D6487-8396-4D68-B33F-7A704C45BD92}"
EndProject
Project("{2150E333-8FDC-42A3-9474-1A3956D46DE8}") = "Tests", "Tests", "{1B625B39-801E-4344-A120-CEB483B59D50}"
EndProject
Project("{2150E333-8FDC-42A3-9474-1A3956D46DE8}") = "Infra", "Infra", "{FC578036-84AC-4EED-92F9-8ACB72319963}"
EndProject
Project("{FAE04EC0-301F-11D3-BF4B-00C04F79EFBC}") = "Managerment.Core.Business", "Managerment.Core.Business\Managerment.Core.Business.csproj", "{BDA2737E-14C5-4142-B1F6-326860D93004}"
EndProject
Project("{FAE04EC0-301F-11D3-BF4B-00C04F79EFBC}") = "Management.Core.Domain", "Management.Core.Domain\Management.Core.Domain.csproj", "{14A4D62B-752D-47EA-A45A-34ABFED72EC0}"
EndProject
Project("{FAE04EC0-301F-11D3-BF4B-00C04F79EFBC}") = "Management.Infra.Data", "Management.Infra.Data\Management.Infra.Data.csproj", "{B557728E-CD69-4DCF-B362-F2C7A7EFF89B}"
EndProject
Project("{2150E333-8FDC-42A3-9474-1A3956D46DE8}") = "src", "src", "{C8819103-6CF9-431A-ADD8-EFBBB8FDCF17}"
EndProject
Project("{2150E333-8FDC-42A3-9474-1A3956D46DE8}") = "Core", "Core", "{39B8453F-3D0D-4609-987F-15717FE98A4B}"
EndProject
Project("{2150E333-8FDC-42A3-9474-1A3956D46DE8}") = "Infra", "Infra", "{0E68F214-FDA8-4F43-BBEB-EC0B3EAF3C5F}"
EndProject
Project("{FAE04EC0-301F-11D3-BF4B-00C04F79EFBC}") = "Management.Core.Domain.Tests", "Management.Core.Domain.Tests\Management.Core.Domain.Tests.csproj", "{B9BD3DB3-195C-4B69-9051-8DB55F99BF87}"
EndProject
Project("{FAE04EC0-301F-11D3-BF4B-00C04F79EFBC}") = "Managerment.Core.Business.Tests", "Managerment.Core.Business.Tests\Managerment.Core.Business.Tests.csproj", "{CFB441CC-21AD-48F0-B6CA-5C14B98AD366}"
EndProject
Project("{FAE04EC0-301F-11D3-BF4B-00C04F79EFBC}") = "Management.Infra.Data.Tests", "Management.Infra.Data.Tests\Management.Infra.Data.Tests.csproj", "{D3E6457A-83D6-496A-AAC4-5CDB5F530B90}"
EndProject
Project("{2150E333-8FDC-42A3-9474-1A3956D46DE8}") = "Tests", "Tests", "{5C53E721-EC62-4E9D-B285-83A92C3C4D94}"
EndProject
Project("{FAE04EC0-301F-11D3-BF4B-00C04F79EFBC}") = "Management.API.Tests", "Management.API.Tests\Management.API.Tests.csproj", "{F86EBFED-E1A0-4DF3-A55C-BFAE4643A04C}"
EndProject
Global
	GlobalSection(SolutionConfigurationPlatforms) = preSolution
		Debug|Any CPU = Debug|Any CPU
		Release|Any CPU = Release|Any CPU
	EndGlobalSection
	GlobalSection(ProjectConfigurationPlatforms) = postSolution
		{7F2ED05D-298A-4AED-856A-60EEA0FB7677}.Debug|Any CPU.ActiveCfg = Debug|Any CPU
		{7F2ED05D-298A-4AED-856A-60EEA0FB7677}.Debug|Any CPU.Build.0 = Debug|Any CPU
		{7F2ED05D-298A-4AED-856A-60EEA0FB7677}.Release|Any CPU.ActiveCfg = Release|Any CPU
		{7F2ED05D-298A-4AED-856A-60EEA0FB7677}.Release|Any CPU.Build.0 = Release|Any CPU
		{BDA2737E-14C5-4142-B1F6-326860D93004}.Debug|Any CPU.ActiveCfg = Debug|Any CPU
		{BDA2737E-14C5-4142-B1F6-326860D93004}.Debug|Any CPU.Build.0 = Debug|Any CPU
		{BDA2737E-14C5-4142-B1F6-326860D93004}.Release|Any CPU.ActiveCfg = Release|Any CPU
		{BDA2737E-14C5-4142-B1F6-326860D93004}.Release|Any CPU.Build.0 = Release|Any CPU
		{14A4D62B-752D-47EA-A45A-34ABFED72EC0}.Debug|Any CPU.ActiveCfg = Debug|Any CPU
		{14A4D62B-752D-47EA-A45A-34ABFED72EC0}.Debug|Any CPU.Build.0 = Debug|Any CPU
		{14A4D62B-752D-47EA-A45A-34ABFED72EC0}.Release|Any CPU.ActiveCfg = Release|Any CPU
		{14A4D62B-752D-47EA-A45A-34ABFED72EC0}.Release|Any CPU.Build.0 = Release|Any CPU
		{B557728E-CD69-4DCF-B362-F2C7A7EFF89B}.Debug|Any CPU.ActiveCfg = Debug|Any CPU
		{B557728E-CD69-4DCF-B362-F2C7A7EFF89B}.Debug|Any CPU.Build.0 = Debug|Any CPU
		{B557728E-CD69-4DCF-B362-F2C7A7EFF89B}.Release|Any CPU.ActiveCfg = Release|Any CPU
		{B557728E-CD69-4DCF-B362-F2C7A7EFF89B}.Release|Any CPU.Build.0 = Release|Any CPU
		{B9BD3DB3-195C-4B69-9051-8DB55F99BF87}.Debug|Any CPU.ActiveCfg = Debug|Any CPU
		{B9BD3DB3-195C-4B69-9051-8DB55F99BF87}.Debug|Any CPU.Build.0 = Debug|Any CPU
		{B9BD3DB3-195C-4B69-9051-8DB55F99BF87}.Release|Any CPU.ActiveCfg = Release|Any CPU
		{B9BD3DB3-195C-4B69-9051-8DB55F99BF87}.Release|Any CPU.Build.0 = Release|Any CPU
		{CFB441CC-21AD-48F0-B6CA-5C14B98AD366}.Debug|Any CPU.ActiveCfg = Debug|Any CPU
		{CFB441CC-21AD-48F0-B6CA-5C14B98AD366}.Debug|Any CPU.Build.0 = Debug|Any CPU
		{CFB441CC-21AD-48F0-B6CA-5C14B98AD366}.Release|Any CPU.ActiveCfg = Release|Any CPU
		{CFB441CC-21AD-48F0-B6CA-5C14B98AD366}.Release|Any CPU.Build.0 = Release|Any CPU
		{D3E6457A-83D6-496A-AAC4-5CDB5F530B90}.Debug|Any CPU.ActiveCfg = Debug|Any CPU
		{D3E6457A-83D6-496A-AAC4-5CDB5F530B90}.Debug|Any CPU.Build.0 = Debug|Any CPU
		{D3E6457A-83D6-496A-AAC4-5CDB5F530B90}.Release|Any CPU.ActiveCfg = Release|Any CPU
		{D3E6457A-83D6-496A-AAC4-5CDB5F530B90}.Release|Any CPU.Build.0 = Release|Any CPU
		{F86EBFED-E1A0-4DF3-A55C-BFAE4643A04C}.Debug|Any CPU.ActiveCfg = Debug|Any CPU
		{F86EBFED-E1A0-4DF3-A55C-BFAE4643A04C}.Debug|Any CPU.Build.0 = Debug|Any CPU
		{F86EBFED-E1A0-4DF3-A55C-BFAE4643A04C}.Release|Any CPU.ActiveCfg = Release|Any CPU
		{F86EBFED-E1A0-4DF3-A55C-BFAE4643A04C}.Release|Any CPU.Build.0 = Release|Any CPU
	EndGlobalSection
	GlobalSection(SolutionProperties) = preSolution
		HideSolutionNode = FALSE
	EndGlobalSection
	GlobalSection(NestedProjects) = preSolution
		{7F2ED05D-298A-4AED-856A-60EEA0FB7677} = {E47D7D4E-4227-4A47-A8FC-B3D34F6A4B28}
		{D14D6487-8396-4D68-B33F-7A704C45BD92} = {C8819103-6CF9-431A-ADD8-EFBBB8FDCF17}
		{1B625B39-801E-4344-A120-CEB483B59D50} = {C8819103-6CF9-431A-ADD8-EFBBB8FDCF17}
		{FC578036-84AC-4EED-92F9-8ACB72319963} = {C8819103-6CF9-431A-ADD8-EFBBB8FDCF17}
		{BDA2737E-14C5-4142-B1F6-326860D93004} = {D14D6487-8396-4D68-B33F-7A704C45BD92}
		{14A4D62B-752D-47EA-A45A-34ABFED72EC0} = {D14D6487-8396-4D68-B33F-7A704C45BD92}
		{B557728E-CD69-4DCF-B362-F2C7A7EFF89B} = {FC578036-84AC-4EED-92F9-8ACB72319963}
		{39B8453F-3D0D-4609-987F-15717FE98A4B} = {1B625B39-801E-4344-A120-CEB483B59D50}
		{0E68F214-FDA8-4F43-BBEB-EC0B3EAF3C5F} = {1B625B39-801E-4344-A120-CEB483B59D50}
		{B9BD3DB3-195C-4B69-9051-8DB55F99BF87} = {39B8453F-3D0D-4609-987F-15717FE98A4B}
		{CFB441CC-21AD-48F0-B6CA-5C14B98AD366} = {39B8453F-3D0D-4609-987F-15717FE98A4B}
		{D3E6457A-83D6-496A-AAC4-5CDB5F530B90} = {0E68F214-FDA8-4F43-BBEB-EC0B3EAF3C5F}
		{5C53E721-EC62-4E9D-B285-83A92C3C4D94} = {E47D7D4E-4227-4A47-A8FC-B3D34F6A4B28}
		{F86EBFED-E1A0-4DF3-A55C-BFAE4643A04C} = {5C53E721-EC62-4E9D-B285-83A92C3C4D94}
	EndGlobalSection
	GlobalSection(ExtensibilityGlobals) = postSolution
		SolutionGuid = {2C3AAB25-CD78-49A9-9DB6-76932A177739}
	EndGlobalSection
EndGlobal
