
Microsoft Visual Studio Solution File, Format Version 12.00
# Visual Studio Version 17
VisualStudioVersion = 17.7.34024.191
MinimumVisualStudioVersion = 10.0.40219.1
Project("{2150E333-8FDC-42A3-9474-1A3956D46DE8}") = "UI", "UI", "{E47D7D4E-4227-4A47-A8FC-B3D34F6A4B28}"
EndProject
Project("{2150E333-8FDC-42A3-9474-1A3956D46DE8}") = "Core", "Core", "{D14D6487-8396-4D68-B33F-7A704C45BD92}"
EndProject
Project("{2150E333-8FDC-42A3-9474-1A3956D46DE8}") = "Tests", "Tests", "{1B625B39-801E-4344-A120-CEB483B59D50}"
EndProject
Project("{2150E333-8FDC-42A3-9474-1A3956D46DE8}") = "Infra", "Infra", "{FC578036-84AC-4EED-92F9-8ACB72319963}"
EndProject
Project("{2150E333-8FDC-42A3-9474-1A3956D46DE8}") = "src", "src", "{C8819103-6CF9-431A-ADD8-EFBBB8FDCF17}"
EndProject
Project("{2150E333-8FDC-42A3-9474-1A3956D46DE8}") = "Core", "Core", "{39B8453F-3D0D-4609-987F-15717FE98A4B}"
EndProject
Project("{2150E333-8FDC-42A3-9474-1A3956D46DE8}") = "Infra", "Infra", "{0E68F214-FDA8-4F43-BBEB-EC0B3EAF3C5F}"
EndProject
Project("{2150E333-8FDC-42A3-9474-1A3956D46DE8}") = "Tests", "Tests", "{5C53E721-EC62-4E9D-B285-83A92C3C4D94}"
EndProject
Project("{FAE04EC0-301F-11D3-BF4B-00C04F79EFBC}") = "Management.Core.Domain", "Management.Core.Domain\Management.Core.Domain.csproj", "{6B5557FA-180F-42A5-954B-1B1E10A8E8B7}"
EndProject
Project("{FAE04EC0-301F-11D3-BF4B-00C04F79EFBC}") = "Management.Core.Business", "Management.Core.Business\Management.Core.Business.csproj", "{80A41382-A7CD-40C3-A627-F0286F435A14}"
EndProject
Project("{FAE04EC0-301F-11D3-BF4B-00C04F79EFBC}") = "Management.Infra.Data", "Management.Infra.Data\Management.Infra.Data.csproj", "{611B1BC3-81E5-4A4F-AD9D-F8218709B269}"
EndProject
Project("{FAE04EC0-301F-11D3-BF4B-00C04F79EFBC}") = "Management.Api", "Management.Api\Management.Api.csproj", "{8AD25318-1050-4999-9C19-3A5526CFF904}"
EndProject
Project("{FAE04EC0-301F-11D3-BF4B-00C04F79EFBC}") = "Management.Api.Tests", "Management.Api.Tests\Management.Api.Tests.csproj", "{020339BD-AF56-42F2-9EC7-4CB51630BE0C}"
EndProject
Global
	GlobalSection(SolutionConfigurationPlatforms) = preSolution
		Debug|Any CPU = Debug|Any CPU
		Release|Any CPU = Release|Any CPU
	EndGlobalSection
	GlobalSection(ProjectConfigurationPlatforms) = postSolution
		{6B5557FA-180F-42A5-954B-1B1E10A8E8B7}.Debug|Any CPU.ActiveCfg = Debug|Any CPU
		{6B5557FA-180F-42A5-954B-1B1E10A8E8B7}.Debug|Any CPU.Build.0 = Debug|Any CPU
		{6B5557FA-180F-42A5-954B-1B1E10A8E8B7}.Release|Any CPU.ActiveCfg = Release|Any CPU
		{6B5557FA-180F-42A5-954B-1B1E10A8E8B7}.Release|Any CPU.Build.0 = Release|Any CPU
		{80A41382-A7CD-40C3-A627-F0286F435A14}.Debug|Any CPU.ActiveCfg = Debug|Any CPU
		{80A41382-A7CD-40C3-A627-F0286F435A14}.Debug|Any CPU.Build.0 = Debug|Any CPU
		{80A41382-A7CD-40C3-A627-F0286F435A14}.Release|Any CPU.ActiveCfg = Release|Any CPU
		{80A41382-A7CD-40C3-A627-F0286F435A14}.Release|Any CPU.Build.0 = Release|Any CPU
		{611B1BC3-81E5-4A4F-AD9D-F8218709B269}.Debug|Any CPU.ActiveCfg = Debug|Any CPU
		{611B1BC3-81E5-4A4F-AD9D-F8218709B269}.Debug|Any CPU.Build.0 = Debug|Any CPU
		{611B1BC3-81E5-4A4F-AD9D-F8218709B269}.Release|Any CPU.ActiveCfg = Release|Any CPU
		{611B1BC3-81E5-4A4F-AD9D-F8218709B269}.Release|Any CPU.Build.0 = Release|Any CPU
		{8AD25318-1050-4999-9C19-3A5526CFF904}.Debug|Any CPU.ActiveCfg = Debug|Any CPU
		{8AD25318-1050-4999-9C19-3A5526CFF904}.Debug|Any CPU.Build.0 = Debug|Any CPU
		{8AD25318-1050-4999-9C19-3A5526CFF904}.Release|Any CPU.ActiveCfg = Release|Any CPU
		{8AD25318-1050-4999-9C19-3A5526CFF904}.Release|Any CPU.Build.0 = Release|Any CPU
		{020339BD-AF56-42F2-9EC7-4CB51630BE0C}.Debug|Any CPU.ActiveCfg = Debug|Any CPU
		{020339BD-AF56-42F2-9EC7-4CB51630BE0C}.Debug|Any CPU.Build.0 = Debug|Any CPU
		{020339BD-AF56-42F2-9EC7-4CB51630BE0C}.Release|Any CPU.ActiveCfg = Release|Any CPU
		{020339BD-AF56-42F2-9EC7-4CB51630BE0C}.Release|Any CPU.Build.0 = Release|Any CPU
	EndGlobalSection
	GlobalSection(SolutionProperties) = preSolution
		HideSolutionNode = FALSE
	EndGlobalSection
	GlobalSection(NestedProjects) = preSolution
		{D14D6487-8396-4D68-B33F-7A704C45BD92} = {C8819103-6CF9-431A-ADD8-EFBBB8FDCF17}
		{1B625B39-801E-4344-A120-CEB483B59D50} = {C8819103-6CF9-431A-ADD8-EFBBB8FDCF17}
		{FC578036-84AC-4EED-92F9-8ACB72319963} = {C8819103-6CF9-431A-ADD8-EFBBB8FDCF17}
		{39B8453F-3D0D-4609-987F-15717FE98A4B} = {1B625B39-801E-4344-A120-CEB483B59D50}
		{0E68F214-FDA8-4F43-BBEB-EC0B3EAF3C5F} = {1B625B39-801E-4344-A120-CEB483B59D50}
		{5C53E721-EC62-4E9D-B285-83A92C3C4D94} = {E47D7D4E-4227-4A47-A8FC-B3D34F6A4B28}
		{6B5557FA-180F-42A5-954B-1B1E10A8E8B7} = {D14D6487-8396-4D68-B33F-7A704C45BD92}
		{80A41382-A7CD-40C3-A627-F0286F435A14} = {D14D6487-8396-4D68-B33F-7A704C45BD92}
		{611B1BC3-81E5-4A4F-AD9D-F8218709B269} = {FC578036-84AC-4EED-92F9-8ACB72319963}
		{8AD25318-1050-4999-9C19-3A5526CFF904} = {E47D7D4E-4227-4A47-A8FC-B3D34F6A4B28}
		{020339BD-AF56-42F2-9EC7-4CB51630BE0C} = {5C53E721-EC62-4E9D-B285-83A92C3C4D94}
	EndGlobalSection
	GlobalSection(ExtensibilityGlobals) = postSolution
		SolutionGuid = {2C3AAB25-CD78-49A9-9DB6-76932A177739}
	EndGlobalSection
EndGlobal
